
Microsoft Visual Studio Solution File, Format Version 12.00
# Visual Studio Version 17
VisualStudioVersion = 17.5.33516.290
MinimumVisualStudioVersion = 10.0.40219.1
Project("{9A19103F-16F7-4668-BE54-9A1E7A4F7556}") = "SuperHeroAPI", "SuperHeroAPI\SuperHeroAPI.csproj", "{379A84C5-FED3-44AB-BA82-FECCBA56D7C5}"
EndProject
Project("{9A19103F-16F7-4668-BE54-9A1E7A4F7556}") = "API.DataAccessLayer", "API.DataAccessLayer\API.DataAccessLayer.csproj", "{4B0FD789-4223-4332-AAE2-DCE2BE355225}"
EndProject
Project("{9A19103F-16F7-4668-BE54-9A1E7A4F7556}") = "API.BusinessLogic", "API.BusinessLogic\API.BusinessLogic.csproj", "{7C230B5A-96A4-4DAE-9425-BE1EED9AB14E}"
EndProject
Project("{FAE04EC0-301F-11D3-BF4B-00C04F79EFBC}") = "API.Model", "Model\API.Model.csproj", "{E86B3F5B-D504-4FA2-9548-8EB842037F9B}"
EndProject
Global
	GlobalSection(SolutionConfigurationPlatforms) = preSolution
		Debug|Any CPU = Debug|Any CPU
		Release|Any CPU = Release|Any CPU
	EndGlobalSection
	GlobalSection(ProjectConfigurationPlatforms) = postSolution
		{379A84C5-FED3-44AB-BA82-FECCBA56D7C5}.Debug|Any CPU.ActiveCfg = Debug|Any CPU
		{379A84C5-FED3-44AB-BA82-FECCBA56D7C5}.Debug|Any CPU.Build.0 = Debug|Any CPU
		{379A84C5-FED3-44AB-BA82-FECCBA56D7C5}.Release|Any CPU.ActiveCfg = Release|Any CPU
		{379A84C5-FED3-44AB-BA82-FECCBA56D7C5}.Release|Any CPU.Build.0 = Release|Any CPU
		{4B0FD789-4223-4332-AAE2-DCE2BE355225}.Debug|Any CPU.ActiveCfg = Debug|Any CPU
		{4B0FD789-4223-4332-AAE2-DCE2BE355225}.Debug|Any CPU.Build.0 = Debug|Any CPU
		{4B0FD789-4223-4332-AAE2-DCE2BE355225}.Release|Any CPU.ActiveCfg = Release|Any CPU
		{4B0FD789-4223-4332-AAE2-DCE2BE355225}.Release|Any CPU.Build.0 = Release|Any CPU
		{7C230B5A-96A4-4DAE-9425-BE1EED9AB14E}.Debug|Any CPU.ActiveCfg = Debug|Any CPU
		{7C230B5A-96A4-4DAE-9425-BE1EED9AB14E}.Debug|Any CPU.Build.0 = Debug|Any CPU
		{7C230B5A-96A4-4DAE-9425-BE1EED9AB14E}.Release|Any CPU.ActiveCfg = Release|Any CPU
		{7C230B5A-96A4-4DAE-9425-BE1EED9AB14E}.Release|Any CPU.Build.0 = Release|Any CPU
		{E86B3F5B-D504-4FA2-9548-8EB842037F9B}.Debug|Any CPU.ActiveCfg = Debug|Any CPU
		{E86B3F5B-D504-4FA2-9548-8EB842037F9B}.Debug|Any CPU.Build.0 = Debug|Any CPU
		{E86B3F5B-D504-4FA2-9548-8EB842037F9B}.Release|Any CPU.ActiveCfg = Release|Any CPU
		{E86B3F5B-D504-4FA2-9548-8EB842037F9B}.Release|Any CPU.Build.0 = Release|Any CPU
	EndGlobalSection
	GlobalSection(SolutionProperties) = preSolution
		HideSolutionNode = FALSE
	EndGlobalSection
	GlobalSection(ExtensibilityGlobals) = postSolution
		SolutionGuid = {14E5B315-E5CC-4BCC-8CC8-2B5A4E0DB2B4}
	EndGlobalSection
EndGlobal
